
Microsoft Visual Studio Solution File, Format Version 12.00
Project("{FAE04EC0-301F-11D3-BF4B-00C04F79EFBC}") = "TodoApi", "TodoApi\TodoApi.csproj", "{6735D9D0-A666-4028-89E0-FD229CB93701}"
EndProject
Project("{FAE04EC0-301F-11D3-BF4B-00C04F79EFBC}") = "TodoApi.Contract.Test", "TodoApi.Contract.Test\TodoApi.Contract.Test.csproj", "{F94E69BC-C59F-4009-8BA4-FF5C872345C6}"
EndProject
Global
	GlobalSection(SolutionConfigurationPlatforms) = preSolution
		Debug|Any CPU = Debug|Any CPU
		Release|Any CPU = Release|Any CPU
	EndGlobalSection
	GlobalSection(ProjectConfigurationPlatforms) = postSolution
		{6735D9D0-A666-4028-89E0-FD229CB93701}.Debug|Any CPU.ActiveCfg = Debug|Any CPU
		{6735D9D0-A666-4028-89E0-FD229CB93701}.Debug|Any CPU.Build.0 = Debug|Any CPU
		{6735D9D0-A666-4028-89E0-FD229CB93701}.Release|Any CPU.ActiveCfg = Release|Any CPU
		{6735D9D0-A666-4028-89E0-FD229CB93701}.Release|Any CPU.Build.0 = Release|Any CPU
		{F94E69BC-C59F-4009-8BA4-FF5C872345C6}.Debug|Any CPU.ActiveCfg = Debug|Any CPU
		{F94E69BC-C59F-4009-8BA4-FF5C872345C6}.Debug|Any CPU.Build.0 = Debug|Any CPU
		{F94E69BC-C59F-4009-8BA4-FF5C872345C6}.Release|Any CPU.ActiveCfg = Release|Any CPU
		{F94E69BC-C59F-4009-8BA4-FF5C872345C6}.Release|Any CPU.Build.0 = Release|Any CPU
	EndGlobalSection
EndGlobal
